
Microsoft Visual Studio Solution File, Format Version 12.00
Project("{FAE04EC0-301F-11D3-BF4B-00C04F79EFBC}") = "ChainSharp", "ChainSharp\ChainSharp.csproj", "{E73AB948-40E3-416B-958A-8CBD8A09F3ED}"
EndProject
Project("{FAE04EC0-301F-11D3-BF4B-00C04F79EFBC}") = "ChainSharp.Tests.Unit", "ChainSharp.Tests.Unit\ChainSharp.Tests.Unit.csproj", "{379B1514-B3D7-4D85-ABBB-F4E04137453F}"
EndProject
Project("{FAE04EC0-301F-11D3-BF4B-00C04F79EFBC}") = "ChainSharp.Tests.Integration", "ChainSharp.Tests.Integration\ChainSharp.Tests.Integration.csproj", "{A85242EF-2527-4EBF-874D-789594863F62}"
EndProject
Project("{FAE04EC0-301F-11D3-BF4B-00C04F79EFBC}") = "ChainSharp.Logging", "ChainSharp.Logging\ChainSharp.Logging.csproj", "{A3016672-341E-40EA-B215-17A0055FA401}"
EndProject
Project("{FAE04EC0-301F-11D3-BF4B-00C04F79EFBC}") = "ChainSharp.Logging.InMemory", "ChainSharp.Logging.InMemory\ChainSharp.Logging.InMemory.csproj", "{7889F596-FE90-4B79-8452-C1B5B998ADF7}"
EndProject
Project("{FAE04EC0-301F-11D3-BF4B-00C04F79EFBC}") = "ChainSharp.Logging.Postgres", "ChainSharp.Logging.Postgres\ChainSharp.Logging.Postgres.csproj", "{F023424B-0B78-480F-A68F-D6038BE9DEED}"
EndProject
Project("{FAE04EC0-301F-11D3-BF4B-00C04F79EFBC}") = "ChainSharp.Tests.Logging.InMemory.Integration", "ChainSharp.Tests.Logging.InMemory.Integration\ChainSharp.Tests.Logging.InMemory.Integration.csproj", "{1D00984B-0959-43AC-9148-CA27CE577282}"
EndProject
Project("{FAE04EC0-301F-11D3-BF4B-00C04F79EFBC}") = "ChainSharp.Tests.Logging.Postgres.Integration", "ChainSharp.Tests.Logging.Postgres.Integration\ChainSharp.Tests.Logging.Postgres.Integration.csproj", "{B06B9007-740B-4650-B8FE-E91C2A078575}"
EndProject
Global
	GlobalSection(SolutionConfigurationPlatforms) = preSolution
		Debug|Any CPU = Debug|Any CPU
		Release|Any CPU = Release|Any CPU
	EndGlobalSection
	GlobalSection(ProjectConfigurationPlatforms) = postSolution
		{E73AB948-40E3-416B-958A-8CBD8A09F3ED}.Debug|Any CPU.ActiveCfg = Debug|Any CPU
		{E73AB948-40E3-416B-958A-8CBD8A09F3ED}.Debug|Any CPU.Build.0 = Debug|Any CPU
		{E73AB948-40E3-416B-958A-8CBD8A09F3ED}.Release|Any CPU.ActiveCfg = Release|Any CPU
		{E73AB948-40E3-416B-958A-8CBD8A09F3ED}.Release|Any CPU.Build.0 = Release|Any CPU
		{379B1514-B3D7-4D85-ABBB-F4E04137453F}.Debug|Any CPU.ActiveCfg = Debug|Any CPU
		{379B1514-B3D7-4D85-ABBB-F4E04137453F}.Debug|Any CPU.Build.0 = Debug|Any CPU
		{379B1514-B3D7-4D85-ABBB-F4E04137453F}.Release|Any CPU.ActiveCfg = Release|Any CPU
		{379B1514-B3D7-4D85-ABBB-F4E04137453F}.Release|Any CPU.Build.0 = Release|Any CPU
		{A85242EF-2527-4EBF-874D-789594863F62}.Debug|Any CPU.ActiveCfg = Debug|Any CPU
		{A85242EF-2527-4EBF-874D-789594863F62}.Debug|Any CPU.Build.0 = Debug|Any CPU
		{A85242EF-2527-4EBF-874D-789594863F62}.Release|Any CPU.ActiveCfg = Release|Any CPU
		{A85242EF-2527-4EBF-874D-789594863F62}.Release|Any CPU.Build.0 = Release|Any CPU
		{A3016672-341E-40EA-B215-17A0055FA401}.Debug|Any CPU.ActiveCfg = Debug|Any CPU
		{A3016672-341E-40EA-B215-17A0055FA401}.Debug|Any CPU.Build.0 = Debug|Any CPU
		{A3016672-341E-40EA-B215-17A0055FA401}.Release|Any CPU.ActiveCfg = Release|Any CPU
		{A3016672-341E-40EA-B215-17A0055FA401}.Release|Any CPU.Build.0 = Release|Any CPU
		{7889F596-FE90-4B79-8452-C1B5B998ADF7}.Debug|Any CPU.ActiveCfg = Debug|Any CPU
		{7889F596-FE90-4B79-8452-C1B5B998ADF7}.Debug|Any CPU.Build.0 = Debug|Any CPU
		{7889F596-FE90-4B79-8452-C1B5B998ADF7}.Release|Any CPU.ActiveCfg = Release|Any CPU
		{7889F596-FE90-4B79-8452-C1B5B998ADF7}.Release|Any CPU.Build.0 = Release|Any CPU
		{F023424B-0B78-480F-A68F-D6038BE9DEED}.Debug|Any CPU.ActiveCfg = Debug|Any CPU
		{F023424B-0B78-480F-A68F-D6038BE9DEED}.Debug|Any CPU.Build.0 = Debug|Any CPU
		{F023424B-0B78-480F-A68F-D6038BE9DEED}.Release|Any CPU.ActiveCfg = Release|Any CPU
		{F023424B-0B78-480F-A68F-D6038BE9DEED}.Release|Any CPU.Build.0 = Release|Any CPU
		{1D00984B-0959-43AC-9148-CA27CE577282}.Debug|Any CPU.ActiveCfg = Debug|Any CPU
		{1D00984B-0959-43AC-9148-CA27CE577282}.Debug|Any CPU.Build.0 = Debug|Any CPU
		{1D00984B-0959-43AC-9148-CA27CE577282}.Release|Any CPU.ActiveCfg = Release|Any CPU
		{1D00984B-0959-43AC-9148-CA27CE577282}.Release|Any CPU.Build.0 = Release|Any CPU
		{B06B9007-740B-4650-B8FE-E91C2A078575}.Debug|Any CPU.ActiveCfg = Debug|Any CPU
		{B06B9007-740B-4650-B8FE-E91C2A078575}.Debug|Any CPU.Build.0 = Debug|Any CPU
		{B06B9007-740B-4650-B8FE-E91C2A078575}.Release|Any CPU.ActiveCfg = Release|Any CPU
		{B06B9007-740B-4650-B8FE-E91C2A078575}.Release|Any CPU.Build.0 = Release|Any CPU
	EndGlobalSection
EndGlobal
